// !$*UTF8*$!
{
	archiveVersion = 1;
	classes = {
	};
	objectVersion = 46;
	objects = {

/* Begin PBXBuildFile section */
		A01411C31B550B7900238667 /* AppDelegate.swift in Sources */ = {isa = PBXBuildFile; fileRef = A01411C21B550B7900238667 /* AppDelegate.swift */; };
		A01411CC1B550B7900238667 /* Main.storyboard in Resources */ = {isa = PBXBuildFile; fileRef = A01411CA1B550B7900238667 /* Main.storyboard */; };
		A01411D11B550B7900238667 /* LaunchScreen.xib in Resources */ = {isa = PBXBuildFile; fileRef = A01411CF1B550B7900238667 /* LaunchScreen.xib */; };
		A01411DD1B550B7900238667 /* SillyMan_6Tests.swift in Sources */ = {isa = PBXBuildFile; fileRef = A01411DC1B550B7900238667 /* SillyMan_6Tests.swift */; };
		A01411EB1B550D2B00238667 /* UnionModeGameViewController.swift in Sources */ = {isa = PBXBuildFile; fileRef = A01411E91B550D2B00238667 /* UnionModeGameViewController.swift */; };
		A01411EC1B550D2B00238667 /* UnionModeGameScene.swift in Sources */ = {isa = PBXBuildFile; fileRef = A01411EA1B550D2B00238667 /* UnionModeGameScene.swift */; };
		A01411F11B550DA900238667 /* GameState.swift in Sources */ = {isa = PBXBuildFile; fileRef = A01411EE1B550DA900238667 /* GameState.swift */; };
		A01411F21B550DA900238667 /* GameObjectNode.swift in Sources */ = {isa = PBXBuildFile; fileRef = A01411EF1B550DA900238667 /* GameObjectNode.swift */; };
		A01411F31B550DA900238667 /* EndGameScene.swift in Sources */ = {isa = PBXBuildFile; fileRef = A01411F01B550DA900238667 /* EndGameScene.swift */; };
		A01411F91B550DC100238667 /* SKEmitterNode+Extras.swift in Sources */ = {isa = PBXBuildFile; fileRef = A01411F51B550DC100238667 /* SKEmitterNode+Extras.swift */; };
		A01411FA1B550DC100238667 /* LDSKSimpleButton.swift in Sources */ = {isa = PBXBuildFile; fileRef = A01411F61B550DC100238667 /* LDSKSimpleButton.swift */; };
		A01411FC1B550DC100238667 /* MyUtils.swift in Sources */ = {isa = PBXBuildFile; fileRef = A01411F81B550DC100238667 /* MyUtils.swift */; };
		A01411FE1B550E0100238667 /* SKTAudio.swift in Sources */ = {isa = PBXBuildFile; fileRef = A01411FD1B550E0100238667 /* SKTAudio.swift */; };
		A01412061B550E8D00238667 /* GameSpriteAtlas.1@2x.png in Resources */ = {isa = PBXBuildFile; fileRef = A01412021B550E8D00238667 /* GameSpriteAtlas.1@2x.png */; };
		A01412071B550E8D00238667 /* GameSpriteAtlas.1@3x.png in Resources */ = {isa = PBXBuildFile; fileRef = A01412031B550E8D00238667 /* GameSpriteAtlas.1@3x.png */; };
		A01412081B550E8D00238667 /* GameSpriteAtlas.plist in Resources */ = {isa = PBXBuildFile; fileRef = A01412041B550E8D00238667 /* GameSpriteAtlas.plist */; };
		A01412091B550E8D00238667 /* GameSpriteAtlas.swift in Sources */ = {isa = PBXBuildFile; fileRef = A01412051B550E8D00238667 /* GameSpriteAtlas.swift */; };
		A014121C1B550EBE00238667 /* face_1_001@2x.png in Resources */ = {isa = PBXBuildFile; fileRef = A014120C1B550EBE00238667 /* face_1_001@2x.png */; };
		A014121D1B550EBE00238667 /* face_1_001@3x.png in Resources */ = {isa = PBXBuildFile; fileRef = A014120D1B550EBE00238667 /* face_1_001@3x.png */; };
		A014121E1B550EBE00238667 /* face_1_002@2x.png in Resources */ = {isa = PBXBuildFile; fileRef = A014120E1B550EBE00238667 /* face_1_002@2x.png */; };
		A014121F1B550EBE00238667 /* face_1_002@3x.png in Resources */ = {isa = PBXBuildFile; fileRef = A014120F1B550EBE00238667 /* face_1_002@3x.png */; };
		A01412201B550EBE00238667 /* face_1_003@2x.png in Resources */ = {isa = PBXBuildFile; fileRef = A01412101B550EBE00238667 /* face_1_003@2x.png */; };
		A01412211B550EBE00238667 /* face_1_003@3x.png in Resources */ = {isa = PBXBuildFile; fileRef = A01412111B550EBE00238667 /* face_1_003@3x.png */; };
		A01412221B550EBE00238667 /* face_1_004@2x.png in Resources */ = {isa = PBXBuildFile; fileRef = A01412121B550EBE00238667 /* face_1_004@2x.png */; };
		A01412231B550EBE00238667 /* face_1_004@3x.png in Resources */ = {isa = PBXBuildFile; fileRef = A01412131B550EBE00238667 /* face_1_004@3x.png */; };
		A01412241B550EBE00238667 /* face_1_005@2x.png in Resources */ = {isa = PBXBuildFile; fileRef = A01412141B550EBE00238667 /* face_1_005@2x.png */; };
		A01412251B550EBE00238667 /* face_1_005@3x.png in Resources */ = {isa = PBXBuildFile; fileRef = A01412151B550EBE00238667 /* face_1_005@3x.png */; };
		A01412261B550EBE00238667 /* face_1_006@2x.png in Resources */ = {isa = PBXBuildFile; fileRef = A01412161B550EBE00238667 /* face_1_006@2x.png */; };
		A01412271B550EBE00238667 /* face_1_006@3x.png in Resources */ = {isa = PBXBuildFile; fileRef = A01412171B550EBE00238667 /* face_1_006@3x.png */; };
		A01412281B550EBE00238667 /* face_1_007@2x.png in Resources */ = {isa = PBXBuildFile; fileRef = A01412181B550EBE00238667 /* face_1_007@2x.png */; };
		A01412291B550EBE00238667 /* face_1_007@3x.png in Resources */ = {isa = PBXBuildFile; fileRef = A01412191B550EBE00238667 /* face_1_007@3x.png */; };
		A014122A1B550EBE00238667 /* face_1_008@2x.png in Resources */ = {isa = PBXBuildFile; fileRef = A014121A1B550EBE00238667 /* face_1_008@2x.png */; };
		A014122B1B550EBE00238667 /* face_1_008@3x.png in Resources */ = {isa = PBXBuildFile; fileRef = A014121B1B550EBE00238667 /* face_1_008@3x.png */; };
		A01412341B550ED400238667 /* Get.wav in Resources */ = {isa = PBXBuildFile; fileRef = A014122E1B550ED400238667 /* Get.wav */; };
		A0365C9E1B58E5E5009C9443 /* Star.png in Resources */ = {isa = PBXBuildFile; fileRef = A0365C9D1B58E5E5009C9443 /* Star.png */; };
		A0365CA01B58FF03009C9443 /* PlayerTrail.sks in Resources */ = {isa = PBXBuildFile; fileRef = A0365C9F1B58FF03009C9443 /* PlayerTrail.sks */; };
		A06178F01B59049A00EFCACB /* SKColor+Extensions.swift in Sources */ = {isa = PBXBuildFile; fileRef = A06178EF1B59049A00EFCACB /* SKColor+Extensions.swift */; };
		A06178F21B591ECD00EFCACB /* LoadingScene.swift in Sources */ = {isa = PBXBuildFile; fileRef = A06178F11B591ECD00EFCACB /* LoadingScene.swift */; };
		A06BB5BB1B7B41A400C1FEF7 /* sand.png in Resources */ = {isa = PBXBuildFile; fileRef = A06BB5BA1B7B41A400C1FEF7 /* sand.png */; };
		A08D7B661B565555008E90AE /* glodPart.png in Resources */ = {isa = PBXBuildFile; fileRef = A08D7B651B565555008E90AE /* glodPart.png */; };
		A08D7B691B56563D008E90AE /* coin_steal_02.mp3 in Resources */ = {isa = PBXBuildFile; fileRef = A08D7B681B56563D008E90AE /* coin_steal_02.mp3 */; };
		A09B6B9C1B5CE60200918A48 /* SKSimpleButton.swift in Sources */ = {isa = PBXBuildFile; fileRef = A09B6B9B1B5CE60200918A48 /* SKSimpleButton.swift */; };
		A09B6BA01B5CE88500918A48 /* SpriteKit-Spring.swift in Sources */ = {isa = PBXBuildFile; fileRef = A09B6B9F1B5CE88500918A48 /* SpriteKit-Spring.swift */; };
		A09C2CCE1B79E6AC007F68B1 /* crash.mp3 in Resources */ = {isa = PBXBuildFile; fileRef = A09C2CCD1B79E6AC007F68B1 /* crash.mp3 */; };
		A0A0DC681B85C68A00BCF81F /* GameScene.swift in Sources */ = {isa = PBXBuildFile; fileRef = A0A0DC671B85C68A00BCF81F /* GameScene.swift */; };
		A0A0DC6A1B85C6F200BCF81F /* GameViewController.swift in Sources */ = {isa = PBXBuildFile; fileRef = A0A0DC691B85C6F200BCF81F /* GameViewController.swift */; };
		A0A2F4481B56645A00FE5E6B /* Bow.sks in Resources */ = {isa = PBXBuildFile; fileRef = A0A2F4471B56645A00FE5E6B /* Bow.sks */; };
		A0A2F44C1B56658E00FE5E6B /* AnimatingSprite.swift in Sources */ = {isa = PBXBuildFile; fileRef = A0A2F44B1B56658E00FE5E6B /* AnimatingSprite.swift */; };
		A0B16ED61B7B293500C7C976 /* Images.xcassets in Resources */ = {isa = PBXBuildFile; fileRef = A0B16ED51B7B293500C7C976 /* Images.xcassets */; };
		A0B5AD9C1B56352C005C4FD3 /* Splat.png in Resources */ = {isa = PBXBuildFile; fileRef = A0B5AD9B1B56352C005C4FD3 /* Splat.png */; };
		A0C83DF41B78C1C100214B11 /* Shake.swift in Sources */ = {isa = PBXBuildFile; fileRef = A0C83DF31B78C1C100214B11 /* Shake.swift */; };
		A0C909B11B560B6D00684831 /* SKAction+Extensions.swift in Sources */ = {isa = PBXBuildFile; fileRef = A0C909B01B560B6D00684831 /* SKAction+Extensions.swift */; };
		A0C909B41B5634C600684831 /* GoldSplatter.sks in Resources */ = {isa = PBXBuildFile; fileRef = A0C909B31B5634C600684831 /* GoldSplatter.sks */; };
		A0E85D7B1B79D4FD00A5E4D9 /* game_music.mp3 in Resources */ = {isa = PBXBuildFile; fileRef = A0E85D7A1B79D4FD00A5E4D9 /* game_music.mp3 */; };
		A0E85D7E1B79DAE400A5E4D9 /* missileFire.sks in Resources */ = {isa = PBXBuildFile; fileRef = A0E85D7C1B79DAE400A5E4D9 /* missileFire.sks */; };
		A0E85D7F1B79DAE400A5E4D9 /* spark.png in Resources */ = {isa = PBXBuildFile; fileRef = A0E85D7D1B79DAE400A5E4D9 /* spark.png */; };
		A0FC70841B6724E20034C8F0 /* HomeScene.swift in Sources */ = {isa = PBXBuildFile; fileRef = A0FC70831B6724E20034C8F0 /* HomeScene.swift */; };
/* End PBXBuildFile section */

/* Begin PBXContainerItemProxy section */
		A01411D71B550B7900238667 /* PBXContainerItemProxy */ = {
			isa = PBXContainerItemProxy;
			containerPortal = A01411B51B550B7800238667 /* Project object */;
			proxyType = 1;
			remoteGlobalIDString = A01411BC1B550B7900238667;
			remoteInfo = SillyMan_6;
		};
/* End PBXContainerItemProxy section */

/* Begin PBXFileReference section */
		A01411BD1B550B7900238667 /* SillyMan_6.app */ = {isa = PBXFileReference; explicitFileType = wrapper.application; includeInIndex = 0; path = SillyMan_6.app; sourceTree = BUILT_PRODUCTS_DIR; };
		A01411C11B550B7900238667 /* Info.plist */ = {isa = PBXFileReference; lastKnownFileType = text.plist.xml; path = Info.plist; sourceTree = "<group>"; };
		A01411C21B550B7900238667 /* AppDelegate.swift */ = {isa = PBXFileReference; lastKnownFileType = sourcecode.swift; path = AppDelegate.swift; sourceTree = "<group>"; };
		A01411CB1B550B7900238667 /* Base */ = {isa = PBXFileReference; lastKnownFileType = file.storyboard; name = Base; path = Base.lproj/Main.storyboard; sourceTree = "<group>"; };
		A01411D01B550B7900238667 /* Base */ = {isa = PBXFileReference; lastKnownFileType = file.xib; name = Base; path = Base.lproj/LaunchScreen.xib; sourceTree = "<group>"; };
		A01411D61B550B7900238667 /* SillyMan_6Tests.xctest */ = {isa = PBXFileReference; explicitFileType = wrapper.cfbundle; includeInIndex = 0; path = SillyMan_6Tests.xctest; sourceTree = BUILT_PRODUCTS_DIR; };
		A01411DB1B550B7900238667 /* Info.plist */ = {isa = PBXFileReference; lastKnownFileType = text.plist.xml; path = Info.plist; sourceTree = "<group>"; };
		A01411DC1B550B7900238667 /* SillyMan_6Tests.swift */ = {isa = PBXFileReference; lastKnownFileType = sourcecode.swift; path = SillyMan_6Tests.swift; sourceTree = "<group>"; };
		A01411E91B550D2B00238667 /* UnionModeGameViewController.swift */ = {isa = PBXFileReference; fileEncoding = 4; lastKnownFileType = sourcecode.swift; path = UnionModeGameViewController.swift; sourceTree = "<group>"; };
		A01411EA1B550D2B00238667 /* UnionModeGameScene.swift */ = {isa = PBXFileReference; fileEncoding = 4; lastKnownFileType = sourcecode.swift; path = UnionModeGameScene.swift; sourceTree = "<group>"; };
		A01411EE1B550DA900238667 /* GameState.swift */ = {isa = PBXFileReference; fileEncoding = 4; lastKnownFileType = sourcecode.swift; path = GameState.swift; sourceTree = "<group>"; };
		A01411EF1B550DA900238667 /* GameObjectNode.swift */ = {isa = PBXFileReference; fileEncoding = 4; lastKnownFileType = sourcecode.swift; path = GameObjectNode.swift; sourceTree = "<group>"; };
		A01411F01B550DA900238667 /* EndGameScene.swift */ = {isa = PBXFileReference; fileEncoding = 4; lastKnownFileType = sourcecode.swift; path = EndGameScene.swift; sourceTree = "<group>"; };
		A01411F51B550DC100238667 /* SKEmitterNode+Extras.swift */ = {isa = PBXFileReference; fileEncoding = 4; lastKnownFileType = sourcecode.swift; path = "SKEmitterNode+Extras.swift"; sourceTree = "<group>"; };
		A01411F61B550DC100238667 /* LDSKSimpleButton.swift */ = {isa = PBXFileReference; fileEncoding = 4; lastKnownFileType = sourcecode.swift; path = LDSKSimpleButton.swift; sourceTree = "<group>"; };
		A01411F81B550DC100238667 /* MyUtils.swift */ = {isa = PBXFileReference; fileEncoding = 4; lastKnownFileType = sourcecode.swift; path = MyUtils.swift; sourceTree = "<group>"; };
		A01411FD1B550E0100238667 /* SKTAudio.swift */ = {isa = PBXFileReference; fileEncoding = 4; lastKnownFileType = sourcecode.swift; path = SKTAudio.swift; sourceTree = "<group>"; };
		A01412021B550E8D00238667 /* GameSpriteAtlas.1@2x.png */ = {isa = PBXFileReference; lastKnownFileType = image.png; path = "GameSpriteAtlas.1@2x.png"; sourceTree = "<group>"; };
		A01412031B550E8D00238667 /* GameSpriteAtlas.1@3x.png */ = {isa = PBXFileReference; lastKnownFileType = image.png; path = "GameSpriteAtlas.1@3x.png"; sourceTree = "<group>"; };
		A01412041B550E8D00238667 /* GameSpriteAtlas.plist */ = {isa = PBXFileReference; fileEncoding = 4; lastKnownFileType = text.plist.xml; path = GameSpriteAtlas.plist; sourceTree = "<group>"; };
		A01412051B550E8D00238667 /* GameSpriteAtlas.swift */ = {isa = PBXFileReference; fileEncoding = 4; lastKnownFileType = sourcecode.swift; path = GameSpriteAtlas.swift; sourceTree = "<group>"; };
		A014120C1B550EBE00238667 /* face_1_001@2x.png */ = {isa = PBXFileReference; lastKnownFileType = image.png; path = "face_1_001@2x.png"; sourceTree = "<group>"; };
		A014120D1B550EBE00238667 /* face_1_001@3x.png */ = {isa = PBXFileReference; lastKnownFileType = image.png; path = "face_1_001@3x.png"; sourceTree = "<group>"; };
		A014120E1B550EBE00238667 /* face_1_002@2x.png */ = {isa = PBXFileReference; lastKnownFileType = image.png; path = "face_1_002@2x.png"; sourceTree = "<group>"; };
		A014120F1B550EBE00238667 /* face_1_002@3x.png */ = {isa = PBXFileReference; lastKnownFileType = image.png; path = "face_1_002@3x.png"; sourceTree = "<group>"; };
		A01412101B550EBE00238667 /* face_1_003@2x.png */ = {isa = PBXFileReference; lastKnownFileType = image.png; path = "face_1_003@2x.png"; sourceTree = "<group>"; };
		A01412111B550EBE00238667 /* face_1_003@3x.png */ = {isa = PBXFileReference; lastKnownFileType = image.png; path = "face_1_003@3x.png"; sourceTree = "<group>"; };
		A01412121B550EBE00238667 /* face_1_004@2x.png */ = {isa = PBXFileReference; lastKnownFileType = image.png; path = "face_1_004@2x.png"; sourceTree = "<group>"; };
		A01412131B550EBE00238667 /* face_1_004@3x.png */ = {isa = PBXFileReference; lastKnownFileType = image.png; path = "face_1_004@3x.png"; sourceTree = "<group>"; };
		A01412141B550EBE00238667 /* face_1_005@2x.png */ = {isa = PBXFileReference; lastKnownFileType = image.png; path = "face_1_005@2x.png"; sourceTree = "<group>"; };
		A01412151B550EBE00238667 /* face_1_005@3x.png */ = {isa = PBXFileReference; lastKnownFileType = image.png; path = "face_1_005@3x.png"; sourceTree = "<group>"; };
		A01412161B550EBE00238667 /* face_1_006@2x.png */ = {isa = PBXFileReference; lastKnownFileType = image.png; path = "face_1_006@2x.png"; sourceTree = "<group>"; };
		A01412171B550EBE00238667 /* face_1_006@3x.png */ = {isa = PBXFileReference; lastKnownFileType = image.png; path = "face_1_006@3x.png"; sourceTree = "<group>"; };
		A01412181B550EBE00238667 /* face_1_007@2x.png */ = {isa = PBXFileReference; lastKnownFileType = image.png; path = "face_1_007@2x.png"; sourceTree = "<group>"; };
		A01412191B550EBE00238667 /* face_1_007@3x.png */ = {isa = PBXFileReference; lastKnownFileType = image.png; path = "face_1_007@3x.png"; sourceTree = "<group>"; };
		A014121A1B550EBE00238667 /* face_1_008@2x.png */ = {isa = PBXFileReference; lastKnownFileType = image.png; path = "face_1_008@2x.png"; sourceTree = "<group>"; };
		A014121B1B550EBE00238667 /* face_1_008@3x.png */ = {isa = PBXFileReference; lastKnownFileType = image.png; path = "face_1_008@3x.png"; sourceTree = "<group>"; };
		A014122E1B550ED400238667 /* Get.wav */ = {isa = PBXFileReference; lastKnownFileType = audio.wav; path = Get.wav; sourceTree = "<group>"; };
		A0365C9D1B58E5E5009C9443 /* Star.png */ = {isa = PBXFileReference; lastKnownFileType = image.png; path = Star.png; sourceTree = "<group>"; };
		A0365C9F1B58FF03009C9443 /* PlayerTrail.sks */ = {isa = PBXFileReference; lastKnownFileType = file.sks; path = PlayerTrail.sks; sourceTree = "<group>"; };
		A06178EF1B59049A00EFCACB /* SKColor+Extensions.swift */ = {isa = PBXFileReference; fileEncoding = 4; lastKnownFileType = sourcecode.swift; path = "SKColor+Extensions.swift"; sourceTree = "<group>"; };
		A06178F11B591ECD00EFCACB /* LoadingScene.swift */ = {isa = PBXFileReference; fileEncoding = 4; lastKnownFileType = sourcecode.swift; path = LoadingScene.swift; sourceTree = "<group>"; };
		A06BB5BA1B7B41A400C1FEF7 /* sand.png */ = {isa = PBXFileReference; lastKnownFileType = image.png; path = sand.png; sourceTree = "<group>"; };
		A08D7B651B565555008E90AE /* glodPart.png */ = {isa = PBXFileReference; lastKnownFileType = image.png; path = glodPart.png; sourceTree = "<group>"; };
		A08D7B681B56563D008E90AE /* coin_steal_02.mp3 */ = {isa = PBXFileReference; lastKnownFileType = audio.mp3; path = coin_steal_02.mp3; sourceTree = "<group>"; };
		A09B6B9B1B5CE60200918A48 /* SKSimpleButton.swift */ = {isa = PBXFileReference; fileEncoding = 4; lastKnownFileType = sourcecode.swift; path = SKSimpleButton.swift; sourceTree = "<group>"; };
		A09B6B9F1B5CE88500918A48 /* SpriteKit-Spring.swift */ = {isa = PBXFileReference; fileEncoding = 4; lastKnownFileType = sourcecode.swift; path = "SpriteKit-Spring.swift"; sourceTree = "<group>"; };
		A09C2CCD1B79E6AC007F68B1 /* crash.mp3 */ = {isa = PBXFileReference; lastKnownFileType = audio.mp3; path = crash.mp3; sourceTree = "<group>"; };
		A0A0DC671B85C68A00BCF81F /* GameScene.swift */ = {isa = PBXFileReference; fileEncoding = 4; lastKnownFileType = sourcecode.swift; path = GameScene.swift; sourceTree = "<group>"; };
		A0A0DC691B85C6F200BCF81F /* GameViewController.swift */ = {isa = PBXFileReference; fileEncoding = 4; lastKnownFileType = sourcecode.swift; path = GameViewController.swift; sourceTree = "<group>"; };
		A0A2F4471B56645A00FE5E6B /* Bow.sks */ = {isa = PBXFileReference; lastKnownFileType = file.sks; path = Bow.sks; sourceTree = "<group>"; };
		A0A2F44B1B56658E00FE5E6B /* AnimatingSprite.swift */ = {isa = PBXFileReference; fileEncoding = 4; lastKnownFileType = sourcecode.swift; path = AnimatingSprite.swift; sourceTree = "<group>"; };
		A0B16ED51B7B293500C7C976 /* Images.xcassets */ = {isa = PBXFileReference; lastKnownFileType = folder.assetcatalog; path = Images.xcassets; sourceTree = "<group>"; };
		A0B5AD9B1B56352C005C4FD3 /* Splat.png */ = {isa = PBXFileReference; lastKnownFileType = image.png; path = Splat.png; sourceTree = "<group>"; };
		A0C83DF31B78C1C100214B11 /* Shake.swift */ = {isa = PBXFileReference; fileEncoding = 4; lastKnownFileType = sourcecode.swift; path = Shake.swift; sourceTree = "<group>"; };
		A0C909B01B560B6D00684831 /* SKAction+Extensions.swift */ = {isa = PBXFileReference; fileEncoding = 4; lastKnownFileType = sourcecode.swift; path = "SKAction+Extensions.swift"; sourceTree = "<group>"; };
		A0C909B31B5634C600684831 /* GoldSplatter.sks */ = {isa = PBXFileReference; lastKnownFileType = file.sks; path = GoldSplatter.sks; sourceTree = "<group>"; };
		A0E85D7A1B79D4FD00A5E4D9 /* game_music.mp3 */ = {isa = PBXFileReference; lastKnownFileType = audio.mp3; path = game_music.mp3; sourceTree = "<group>"; };
		A0E85D7C1B79DAE400A5E4D9 /* missileFire.sks */ = {isa = PBXFileReference; lastKnownFileType = file.sks; path = missileFire.sks; sourceTree = "<group>"; };
		A0E85D7D1B79DAE400A5E4D9 /* spark.png */ = {isa = PBXFileReference; lastKnownFileType = image.png; path = spark.png; sourceTree = "<group>"; };
		A0FC70831B6724E20034C8F0 /* HomeScene.swift */ = {isa = PBXFileReference; fileEncoding = 4; lastKnownFileType = sourcecode.swift; path = HomeScene.swift; sourceTree = "<group>"; };
/* End PBXFileReference section */

/* Begin PBXFrameworksBuildPhase section */
		A01411BA1B550B7900238667 /* Frameworks */ = {
			isa = PBXFrameworksBuildPhase;
			buildActionMask = 2147483647;
			files = (
			);
			runOnlyForDeploymentPostprocessing = 0;
		};
		A01411D31B550B7900238667 /* Frameworks */ = {
			isa = PBXFrameworksBuildPhase;
			buildActionMask = 2147483647;
			files = (
			);
			runOnlyForDeploymentPostprocessing = 0;
		};
/* End PBXFrameworksBuildPhase section */

/* Begin PBXGroup section */
		A01411B41B550B7800238667 = {
			isa = PBXGroup;
			children = (
				A01411BF1B550B7900238667 /* SillyMan_6 */,
				A01411D91B550B7900238667 /* SillyMan_6Tests */,
				A01411BE1B550B7900238667 /* Products */,
			);
			sourceTree = "<group>";
		};
		A01411BE1B550B7900238667 /* Products */ = {
			isa = PBXGroup;
			children = (
				A01411BD1B550B7900238667 /* SillyMan_6.app */,
				A01411D61B550B7900238667 /* SillyMan_6Tests.xctest */,
			);
			name = Products;
			sourceTree = "<group>";
		};
		A01411BF1B550B7900238667 /* SillyMan_6 */ = {
			isa = PBXGroup;
			children = (
				A0C83DEE1B78C10300214B11 /* ViewEffect */,
				A0EF88991B55145100CEB65A /* Other */,
				A01411FF1B550E7300238667 /* Resouce */,
				A01411F41B550DB900238667 /* SKTUtils */,
				A01411ED1B550D9100238667 /* Common */,
				A01411E61B550C7900238667 /* Game */,
				A01411C01B550B7900238667 /* Supporting Files */,
			);
			path = SillyMan_6;
			sourceTree = "<group>";
		};
		A01411C01B550B7900238667 /* Supporting Files */ = {
			isa = PBXGroup;
			children = (
				A0B16ED51B7B293500C7C976 /* Images.xcassets */,
				A01411C11B550B7900238667 /* Info.plist */,
			);
			name = "Supporting Files";
			sourceTree = "<group>";
		};
		A01411D91B550B7900238667 /* SillyMan_6Tests */ = {
			isa = PBXGroup;
			children = (
				A01411DC1B550B7900238667 /* SillyMan_6Tests.swift */,
				A01411DA1B550B7900238667 /* Supporting Files */,
			);
			path = SillyMan_6Tests;
			sourceTree = "<group>";
		};
		A01411DA1B550B7900238667 /* Supporting Files */ = {
			isa = PBXGroup;
			children = (
				A01411DB1B550B7900238667 /* Info.plist */,
			);
			name = "Supporting Files";
			sourceTree = "<group>";
		};
		A01411E61B550C7900238667 /* Game */ = {
			isa = PBXGroup;
			children = (
				A0A0DC6B1B85C6F400BCF81F /* Test */,
				A01411E91B550D2B00238667 /* UnionModeGameViewController.swift */,
				A06178F11B591ECD00EFCACB /* LoadingScene.swift */,
				A0FC70831B6724E20034C8F0 /* HomeScene.swift */,
				A01411EA1B550D2B00238667 /* UnionModeGameScene.swift */,
			);
			name = Game;
			sourceTree = "<group>";
		};
		A01411ED1B550D9100238667 /* Common */ = {
			isa = PBXGroup;
			children = (
				A0A2F44B1B56658E00FE5E6B /* AnimatingSprite.swift */,
				A01411EE1B550DA900238667 /* GameState.swift */,
				A01411EF1B550DA900238667 /* GameObjectNode.swift */,
				A01411F01B550DA900238667 /* EndGameScene.swift */,
			);
			name = Common;
			sourceTree = "<group>";
		};
		A01411F41B550DB900238667 /* SKTUtils */ = {
			isa = PBXGroup;
			children = (
				A06178EF1B59049A00EFCACB /* SKColor+Extensions.swift */,
				A0C909B01B560B6D00684831 /* SKAction+Extensions.swift */,
				A01411FD1B550E0100238667 /* SKTAudio.swift */,
				A01411F51B550DC100238667 /* SKEmitterNode+Extras.swift */,
				A09B6B9F1B5CE88500918A48 /* SpriteKit-Spring.swift */,
				A09B6B9B1B5CE60200918A48 /* SKSimpleButton.swift */,
				A01411F61B550DC100238667 /* LDSKSimpleButton.swift */,
				A01411F81B550DC100238667 /* MyUtils.swift */,
			);
			name = SKTUtils;
			sourceTree = "<group>";
		};
		A01411FF1B550E7300238667 /* Resouce */ = {
			isa = PBXGroup;
			children = (
				A0C909B21B5634BC00684831 /* Particles */,
				A014122C1B550EC900238667 /* Sound */,
				A014120A1B550E9E00238667 /* OtherImages */,
				A01412001B550E7F00238667 /* Atlas */,
			);
			name = Resouce;
			sourceTree = "<group>";
		};
		A01412001B550E7F00238667 /* Atlas */ = {
			isa = PBXGroup;
			children = (
				A01412011B550E8D00238667 /* GameSpriteAtlas.atlasc */,
				A01412051B550E8D00238667 /* GameSpriteAtlas.swift */,
			);
			name = Atlas;
			sourceTree = "<group>";
		};
		A01412011B550E8D00238667 /* GameSpriteAtlas.atlasc */ = {
			isa = PBXGroup;
			children = (
				A01412021B550E8D00238667 /* GameSpriteAtlas.1@2x.png */,
				A01412031B550E8D00238667 /* GameSpriteAtlas.1@3x.png */,
				A01412041B550E8D00238667 /* GameSpriteAtlas.plist */,
			);
			path = GameSpriteAtlas.atlasc;
			sourceTree = "<group>";
		};
		A014120A1B550E9E00238667 /* OtherImages */ = {
			isa = PBXGroup;
			children = (
				A06BB5BA1B7B41A400C1FEF7 /* sand.png */,
				A014120B1B550EBE00238667 /* face_1 */,
			);
			name = OtherImages;
			sourceTree = "<group>";
		};
		A014120B1B550EBE00238667 /* face_1 */ = {
			isa = PBXGroup;
			children = (
				A014120C1B550EBE00238667 /* face_1_001@2x.png */,
				A014120D1B550EBE00238667 /* face_1_001@3x.png */,
				A014120E1B550EBE00238667 /* face_1_002@2x.png */,
				A014120F1B550EBE00238667 /* face_1_002@3x.png */,
				A01412101B550EBE00238667 /* face_1_003@2x.png */,
				A01412111B550EBE00238667 /* face_1_003@3x.png */,
				A01412121B550EBE00238667 /* face_1_004@2x.png */,
				A01412131B550EBE00238667 /* face_1_004@3x.png */,
				A01412141B550EBE00238667 /* face_1_005@2x.png */,
				A01412151B550EBE00238667 /* face_1_005@3x.png */,
				A01412161B550EBE00238667 /* face_1_006@2x.png */,
				A01412171B550EBE00238667 /* face_1_006@3x.png */,
				A01412181B550EBE00238667 /* face_1_007@2x.png */,
				A01412191B550EBE00238667 /* face_1_007@3x.png */,
				A014121A1B550EBE00238667 /* face_1_008@2x.png */,
				A014121B1B550EBE00238667 /* face_1_008@3x.png */,
			);
			path = face_1;
			sourceTree = "<group>";
		};
		A014122C1B550EC900238667 /* Sound */ = {
			isa = PBXGroup;
			children = (
				A0E85D7A1B79D4FD00A5E4D9 /* game_music.mp3 */,
				A08D7B681B56563D008E90AE /* coin_steal_02.mp3 */,
				A09C2CCD1B79E6AC007F68B1 /* crash.mp3 */,
				A014122E1B550ED400238667 /* Get.wav */,
			);
			name = Sound;
			sourceTree = "<group>";
		};
		A0A0DC6B1B85C6F400BCF81F /* Test */ = {
			isa = PBXGroup;
			children = (
				A0A0DC691B85C6F200BCF81F /* GameViewController.swift */,
				A0A0DC671B85C68A00BCF81F /* GameScene.swift */,
			);
			name = Test;
			sourceTree = "<group>";
		};
		A0C83DEE1B78C10300214B11 /* ViewEffect */ = {
			isa = PBXGroup;
			children = (
				A0C83DF31B78C1C100214B11 /* Shake.swift */,
			);
			name = ViewEffect;
			sourceTree = "<group>";
		};
		A0C909B21B5634BC00684831 /* Particles */ = {
			isa = PBXGroup;
			children = (
				A0365C9F1B58FF03009C9443 /* PlayerTrail.sks */,
				A0E85D7C1B79DAE400A5E4D9 /* missileFire.sks */,
				A0C909B31B5634C600684831 /* GoldSplatter.sks */,
				A0A2F4471B56645A00FE5E6B /* Bow.sks */,
				A0E85D7D1B79DAE400A5E4D9 /* spark.png */,
				A08D7B651B565555008E90AE /* glodPart.png */,
				A0365C9D1B58E5E5009C9443 /* Star.png */,
				A0B5AD9B1B56352C005C4FD3 /* Splat.png */,
			);
			name = Particles;
			sourceTree = "<group>";
		};
		A0EF88991B55145100CEB65A /* Other */ = {
			isa = PBXGroup;
			children = (
				A01411C21B550B7900238667 /* AppDelegate.swift */,
				A01411CA1B550B7900238667 /* Main.storyboard */,
				A01411CF1B550B7900238667 /* LaunchScreen.xib */,
			);
			name = Other;
			sourceTree = "<group>";
		};
/* End PBXGroup section */

/* Begin PBXNativeTarget section */
		A01411BC1B550B7900238667 /* SillyMan_6 */ = {
			isa = PBXNativeTarget;
			buildConfigurationList = A01411E01B550B7900238667 /* Build configuration list for PBXNativeTarget "SillyMan_6" */;
			buildPhases = (
				A01411B91B550B7900238667 /* Sources */,
				A01411BA1B550B7900238667 /* Frameworks */,
				A01411BB1B550B7900238667 /* Resources */,
			);
			buildRules = (
			);
			dependencies = (
			);
			name = SillyMan_6;
			productName = SillyMan_6;
			productReference = A01411BD1B550B7900238667 /* SillyMan_6.app */;
			productType = "com.apple.product-type.application";
		};
		A01411D51B550B7900238667 /* SillyMan_6Tests */ = {
			isa = PBXNativeTarget;
			buildConfigurationList = A01411E31B550B7900238667 /* Build configuration list for PBXNativeTarget "SillyMan_6Tests" */;
			buildPhases = (
				A01411D21B550B7900238667 /* Sources */,
				A01411D31B550B7900238667 /* Frameworks */,
				A01411D41B550B7900238667 /* Resources */,
			);
			buildRules = (
			);
			dependencies = (
				A01411D81B550B7900238667 /* PBXTargetDependency */,
			);
			name = SillyMan_6Tests;
			productName = SillyMan_6Tests;
			productReference = A01411D61B550B7900238667 /* SillyMan_6Tests.xctest */;
			productType = "com.apple.product-type.bundle.unit-test";
		};
/* End PBXNativeTarget section */

/* Begin PBXProject section */
		A01411B51B550B7800238667 /* Project object */ = {
			isa = PBXProject;
			attributes = {
				LastSwiftUpdateCheck = 0700;
				LastUpgradeCheck = 0640;
				ORGANIZATIONNAME = liudong;
				TargetAttributes = {
					A01411BC1B550B7900238667 = {
						CreatedOnToolsVersion = 6.4;
					};
					A01411D51B550B7900238667 = {
						CreatedOnToolsVersion = 6.4;
						TestTargetID = A01411BC1B550B7900238667;
					};
				};
			};
			buildConfigurationList = A01411B81B550B7800238667 /* Build configuration list for PBXProject "SillyMan_6" */;
			compatibilityVersion = "Xcode 3.2";
			developmentRegion = English;
			hasScannedForEncodings = 0;
			knownRegions = (
				en,
				Base,
			);
			mainGroup = A01411B41B550B7800238667;
			productRefGroup = A01411BE1B550B7900238667 /* Products */;
			projectDirPath = "";
			projectRoot = "";
			targets = (
				A01411BC1B550B7900238667 /* SillyMan_6 */,
				A01411D51B550B7900238667 /* SillyMan_6Tests */,
			);
		};
/* End PBXProject section */

/* Begin PBXResourcesBuildPhase section */
		A01411BB1B550B7900238667 /* Resources */ = {
			isa = PBXResourcesBuildPhase;
			buildActionMask = 2147483647;
			files = (
				A09C2CCE1B79E6AC007F68B1 /* crash.mp3 in Resources */,
				A014122A1B550EBE00238667 /* face_1_008@2x.png in Resources */,
				A01412261B550EBE00238667 /* face_1_006@2x.png in Resources */,
				A0E85D7B1B79D4FD00A5E4D9 /* game_music.mp3 in Resources */,
				A01412271B550EBE00238667 /* face_1_006@3x.png in Resources */,
				A01412341B550ED400238667 /* Get.wav in Resources */,
				A01412221B550EBE00238667 /* face_1_004@2x.png in Resources */,
				A01411D11B550B7900238667 /* LaunchScreen.xib in Resources */,
				A01412251B550EBE00238667 /* face_1_005@3x.png in Resources */,
				A014121C1B550EBE00238667 /* face_1_001@2x.png in Resources */,
				A0C909B41B5634C600684831 /* GoldSplatter.sks in Resources */,
				A0B5AD9C1B56352C005C4FD3 /* Splat.png in Resources */,
				A01412241B550EBE00238667 /* face_1_005@2x.png in Resources */,
				A014121F1B550EBE00238667 /* face_1_002@3x.png in Resources */,
				A0E85D7E1B79DAE400A5E4D9 /* missileFire.sks in Resources */,
				A0A2F4481B56645A00FE5E6B /* Bow.sks in Resources */,
				A0B16ED61B7B293500C7C976 /* Images.xcassets in Resources */,
				A08D7B691B56563D008E90AE /* coin_steal_02.mp3 in Resources */,
				A0365CA01B58FF03009C9443 /* PlayerTrail.sks in Resources */,
				A01412061B550E8D00238667 /* GameSpriteAtlas.1@2x.png in Resources */,
				A01412081B550E8D00238667 /* GameSpriteAtlas.plist in Resources */,
				A0365C9E1B58E5E5009C9443 /* Star.png in Resources */,
				A01412281B550EBE00238667 /* face_1_007@2x.png in Resources */,
				A01412291B550EBE00238667 /* face_1_007@3x.png in Resources */,
				A0E85D7F1B79DAE400A5E4D9 /* spark.png in Resources */,
				A01411CC1B550B7900238667 /* Main.storyboard in Resources */,
				A014122B1B550EBE00238667 /* face_1_008@3x.png in Resources */,
				A01412201B550EBE00238667 /* face_1_003@2x.png in Resources */,
				A01412211B550EBE00238667 /* face_1_003@3x.png in Resources */,
				A06BB5BB1B7B41A400C1FEF7 /* sand.png in Resources */,
				A014121D1B550EBE00238667 /* face_1_001@3x.png in Resources */,
				A01412231B550EBE00238667 /* face_1_004@3x.png in Resources */,
				A014121E1B550EBE00238667 /* face_1_002@2x.png in Resources */,
				A08D7B661B565555008E90AE /* glodPart.png in Resources */,
				A01412071B550E8D00238667 /* GameSpriteAtlas.1@3x.png in Resources */,
			);
			runOnlyForDeploymentPostprocessing = 0;
		};
		A01411D41B550B7900238667 /* Resources */ = {
			isa = PBXResourcesBuildPhase;
			buildActionMask = 2147483647;
			files = (
			);
			runOnlyForDeploymentPostprocessing = 0;
		};
/* End PBXResourcesBuildPhase section */

/* Begin PBXSourcesBuildPhase section */
		A01411B91B550B7900238667 /* Sources */ = {
			isa = PBXSourcesBuildPhase;
			buildActionMask = 2147483647;
			files = (
				A09B6BA01B5CE88500918A48 /* SpriteKit-Spring.swift in Sources */,
				A01411F21B550DA900238667 /* GameObjectNode.swift in Sources */,
				A01411FE1B550E0100238667 /* SKTAudio.swift in Sources */,
				A01411FC1B550DC100238667 /* MyUtils.swift in Sources */,
				A0C909B11B560B6D00684831 /* SKAction+Extensions.swift in Sources */,
				A01411F91B550DC100238667 /* SKEmitterNode+Extras.swift in Sources */,
				A0C83DF41B78C1C100214B11 /* Shake.swift in Sources */,
				A0A0DC6A1B85C6F200BCF81F /* GameViewController.swift in Sources */,
				A01411EB1B550D2B00238667 /* UnionModeGameViewController.swift in Sources */,
				A09B6B9C1B5CE60200918A48 /* SKSimpleButton.swift in Sources */,
				A01411FA1B550DC100238667 /* LDSKSimpleButton.swift in Sources */,
				A0A0DC681B85C68A00BCF81F /* GameScene.swift in Sources */,
				A01411F11B550DA900238667 /* GameState.swift in Sources */,
				A06178F21B591ECD00EFCACB /* LoadingScene.swift in Sources */,
				A01411C31B550B7900238667 /* AppDelegate.swift in Sources */,
				A06178F01B59049A00EFCACB /* SKColor+Extensions.swift in Sources */,
				A0FC70841B6724E20034C8F0 /* HomeScene.swift in Sources */,
				A01411F31B550DA900238667 /* EndGameScene.swift in Sources */,
				A01411EC1B550D2B00238667 /* UnionModeGameScene.swift in Sources */,
				A01412091B550E8D00238667 /* GameSpriteAtlas.swift in Sources */,
				A0A2F44C1B56658E00FE5E6B /* AnimatingSprite.swift in Sources */,
			);
			runOnlyForDeploymentPostprocessing = 0;
		};
		A01411D21B550B7900238667 /* Sources */ = {
			isa = PBXSourcesBuildPhase;
			buildActionMask = 2147483647;
			files = (
				A01411DD1B550B7900238667 /* SillyMan_6Tests.swift in Sources */,
			);
			runOnlyForDeploymentPostprocessing = 0;
		};
/* End PBXSourcesBuildPhase section */

/* Begin PBXTargetDependency section */
		A01411D81B550B7900238667 /* PBXTargetDependency */ = {
			isa = PBXTargetDependency;
			target = A01411BC1B550B7900238667 /* SillyMan_6 */;
			targetProxy = A01411D71B550B7900238667 /* PBXContainerItemProxy */;
		};
/* End PBXTargetDependency section */

/* Begin PBXVariantGroup section */
		A01411CA1B550B7900238667 /* Main.storyboard */ = {
			isa = PBXVariantGroup;
			children = (
				A01411CB1B550B7900238667 /* Base */,
			);
			name = Main.storyboard;
			sourceTree = "<group>";
		};
		A01411CF1B550B7900238667 /* LaunchScreen.xib */ = {
			isa = PBXVariantGroup;
			children = (
				A01411D01B550B7900238667 /* Base */,
			);
			name = LaunchScreen.xib;
			sourceTree = "<group>";
		};
/* End PBXVariantGroup section */

/* Begin XCBuildConfiguration section */
		A01411DE1B550B7900238667 /* Debug */ = {
			isa = XCBuildConfiguration;
			buildSettings = {
				ALWAYS_SEARCH_USER_PATHS = NO;
				CLANG_CXX_LANGUAGE_STANDARD = "gnu++0x";
				CLANG_CXX_LIBRARY = "libc++";
				CLANG_ENABLE_MODULES = YES;
				CLANG_ENABLE_OBJC_ARC = YES;
				CLANG_WARN_BOOL_CONVERSION = YES;
				CLANG_WARN_CONSTANT_CONVERSION = YES;
				CLANG_WARN_DIRECT_OBJC_ISA_USAGE = YES_ERROR;
				CLANG_WARN_EMPTY_BODY = YES;
				CLANG_WARN_ENUM_CONVERSION = YES;
				CLANG_WARN_INT_CONVERSION = YES;
				CLANG_WARN_OBJC_ROOT_CLASS = YES_ERROR;
				CLANG_WARN_UNREACHABLE_CODE = YES;
				CLANG_WARN__DUPLICATE_METHOD_MATCH = YES;
				"CODE_SIGN_IDENTITY[sdk=iphoneos*]" = "iPhone Developer";
				COPY_PHASE_STRIP = NO;
				DEBUG_INFORMATION_FORMAT = "dwarf-with-dsym";
				ENABLE_STRICT_OBJC_MSGSEND = YES;
				GCC_C_LANGUAGE_STANDARD = gnu99;
				GCC_DYNAMIC_NO_PIC = NO;
				GCC_NO_COMMON_BLOCKS = YES;
				GCC_OPTIMIZATION_LEVEL = 0;
				GCC_PREPROCESSOR_DEFINITIONS = (
					"DEBUG=1",
					"$(inherited)",
				);
				GCC_SYMBOLS_PRIVATE_EXTERN = NO;
				GCC_WARN_64_TO_32_BIT_CONVERSION = YES;
				GCC_WARN_ABOUT_RETURN_TYPE = YES_ERROR;
				GCC_WARN_UNDECLARED_SELECTOR = YES;
				GCC_WARN_UNINITIALIZED_AUTOS = YES_AGGRESSIVE;
				GCC_WARN_UNUSED_FUNCTION = YES;
				GCC_WARN_UNUSED_VARIABLE = YES;
				IPHONEOS_DEPLOYMENT_TARGET = 8.4;
				MTL_ENABLE_DEBUG_INFO = YES;
				ONLY_ACTIVE_ARCH = YES;
				SDKROOT = iphoneos;
				SWIFT_OPTIMIZATION_LEVEL = "-Onone";
				TARGETED_DEVICE_FAMILY = "1,2";
			};
			name = Debug;
		};
		A01411DF1B550B7900238667 /* Release */ = {
			isa = XCBuildConfiguration;
			buildSettings = {
				ALWAYS_SEARCH_USER_PATHS = NO;
				CLANG_CXX_LANGUAGE_STANDARD = "gnu++0x";
				CLANG_CXX_LIBRARY = "libc++";
				CLANG_ENABLE_MODULES = YES;
				CLANG_ENABLE_OBJC_ARC = YES;
				CLANG_WARN_BOOL_CONVERSION = YES;
				CLANG_WARN_CONSTANT_CONVERSION = YES;
				CLANG_WARN_DIRECT_OBJC_ISA_USAGE = YES_ERROR;
				CLANG_WARN_EMPTY_BODY = YES;
				CLANG_WARN_ENUM_CONVERSION = YES;
				CLANG_WARN_INT_CONVERSION = YES;
				CLANG_WARN_OBJC_ROOT_CLASS = YES_ERROR;
				CLANG_WARN_UNREACHABLE_CODE = YES;
				CLANG_WARN__DUPLICATE_METHOD_MATCH = YES;
				"CODE_SIGN_IDENTITY[sdk=iphoneos*]" = "iPhone Developer";
				COPY_PHASE_STRIP = NO;
				DEBUG_INFORMATION_FORMAT = "dwarf-with-dsym";
				ENABLE_NS_ASSERTIONS = NO;
				ENABLE_STRICT_OBJC_MSGSEND = YES;
				GCC_C_LANGUAGE_STANDARD = gnu99;
				GCC_NO_COMMON_BLOCKS = YES;
				GCC_WARN_64_TO_32_BIT_CONVERSION = YES;
				GCC_WARN_ABOUT_RETURN_TYPE = YES_ERROR;
				GCC_WARN_UNDECLARED_SELECTOR = YES;
				GCC_WARN_UNINITIALIZED_AUTOS = YES_AGGRESSIVE;
				GCC_WARN_UNUSED_FUNCTION = YES;
				GCC_WARN_UNUSED_VARIABLE = YES;
				IPHONEOS_DEPLOYMENT_TARGET = 8.4;
				MTL_ENABLE_DEBUG_INFO = NO;
				SDKROOT = iphoneos;
				TARGETED_DEVICE_FAMILY = "1,2";
				VALIDATE_PRODUCT = YES;
			};
			name = Release;
		};
		A01411E11B550B7900238667 /* Debug */ = {
			isa = XCBuildConfiguration;
			buildSettings = {
				ASSETCATALOG_COMPILER_APPICON_NAME = AppIcon;
				CLANG_ENABLE_MODULES = YES;
				CODE_SIGN_IDENTITY = "iPhone Developer: Liu Yue (3QAMG746Y7)";
				INFOPLIST_FILE = SillyMan_6/Info.plist;
				IPHONEOS_DEPLOYMENT_TARGET = 8.0;
				LD_RUNPATH_SEARCH_PATHS = "$(inherited) @executable_path/Frameworks";
				PRODUCT_NAME = "$(TARGET_NAME)";
				PROVISIONING_PROFILE = "880e8c17-c712-4a7d-ad98-093ba714da0e";
				SWIFT_OBJC_BRIDGING_HEADER = "";
				SWIFT_OPTIMIZATION_LEVEL = "-Onone";
			};
			name = Debug;
		};
		A01411E21B550B7900238667 /* Release */ = {
			isa = XCBuildConfiguration;
			buildSettings = {
				ASSETCATALOG_COMPILER_APPICON_NAME = AppIcon;
				CLANG_ENABLE_MODULES = YES;
				CODE_SIGN_IDENTITY = "iPhone Developer: Liu Yue (3QAMG746Y7)";
				INFOPLIST_FILE = SillyMan_6/Info.plist;
				IPHONEOS_DEPLOYMENT_TARGET = 8.0;
				LD_RUNPATH_SEARCH_PATHS = "$(inherited) @executable_path/Frameworks";
				PRODUCT_NAME = "$(TARGET_NAME)";
				PROVISIONING_PROFILE = "880e8c17-c712-4a7d-ad98-093ba714da0e";
				SWIFT_OBJC_BRIDGING_HEADER = "";
			};
			name = Release;
		};
		A01411E41B550B7900238667 /* Debug */ = {
			isa = XCBuildConfiguration;
			buildSettings = {
				BUNDLE_LOADER = "$(TEST_HOST)";
				FRAMEWORK_SEARCH_PATHS = (
					"$(SDKROOT)/Developer/Library/Frameworks",
					"$(inherited)",
				);
				GCC_PREPROCESSOR_DEFINITIONS = (
					"DEBUG=1",
					"$(inherited)",
				);
				INFOPLIST_FILE = SillyMan_6Tests/Info.plist;
				LD_RUNPATH_SEARCH_PATHS = "$(inherited) @executable_path/Frameworks @loader_path/Frameworks";
				PRODUCT_NAME = "$(TARGET_NAME)";
				TEST_HOST = "$(BUILT_PRODUCTS_DIR)/SillyMan_6.app/SillyMan_6";
			};
			name = Debug;
		};
		A01411E51B550B7900238667 /* Release */ = {
			isa = XCBuildConfiguration;
			buildSettings = {
				BUNDLE_LOADER = "$(TEST_HOST)";
				FRAMEWORK_SEARCH_PATHS = (
					"$(SDKROOT)/Developer/Library/Frameworks",
					"$(inherited)",
				);
				INFOPLIST_FILE = SillyMan_6Tests/Info.plist;
				LD_RUNPATH_SEARCH_PATHS = "$(inherited) @executable_path/Frameworks @loader_path/Frameworks";
				PRODUCT_NAME = "$(TARGET_NAME)";
				TEST_HOST = "$(BUILT_PRODUCTS_DIR)/SillyMan_6.app/SillyMan_6";
			};
			name = Release;
		};
/* End XCBuildConfiguration section */

/* Begin XCConfigurationList section */
		A01411B81B550B7800238667 /* Build configuration list for PBXProject "SillyMan_6" */ = {
			isa = XCConfigurationList;
			buildConfigurations = (
				A01411DE1B550B7900238667 /* Debug */,
				A01411DF1B550B7900238667 /* Release */,
			);
			defaultConfigurationIsVisible = 0;
			defaultConfigurationName = Release;
		};
		A01411E01B550B7900238667 /* Build configuration list for PBXNativeTarget "SillyMan_6" */ = {
			isa = XCConfigurationList;
			buildConfigurations = (
				A01411E11B550B7900238667 /* Debug */,
				A01411E21B550B7900238667 /* Release */,
			);
			defaultConfigurationIsVisible = 0;
			defaultConfigurationName = Release;
		};
		A01411E31B550B7900238667 /* Build configuration list for PBXNativeTarget "SillyMan_6Tests" */ = {
			isa = XCConfigurationList;
			buildConfigurations = (
				A01411E41B550B7900238667 /* Debug */,
				A01411E51B550B7900238667 /* Release */,
			);
			defaultConfigurationIsVisible = 0;
			defaultConfigurationName = Release;
		};
/* End XCConfigurationList section */
	};
	rootObject = A01411B51B550B7800238667 /* Project object */;
}
